
Microsoft Visual Studio Solution File, Format Version 12.00
# Visual Studio Version 17
VisualStudioVersion = 17.1.31911.260
MinimumVisualStudioVersion = 10.0.40219.1
Project("{54A90642-561A-4BB1-A94E-469ADEE60C69}") = "WebApp-Front", "WebApp\WebApp-Front.esproj", "{6ECE15F7-30B8-456A-9B78-7F8004F411C5}"
EndProject
Project("{FAE04EC0-301F-11D3-BF4B-00C04F79EFBC}") = "WebApp-Back", "WebApp-Back\WebApp-Back.csproj", "{52DDC549-FC2D-4937-B303-01F41CED1F13}"
EndProject
Global
	GlobalSection(SolutionConfigurationPlatforms) = preSolution
		Debug|Any CPU = Debug|Any CPU
		Release|Any CPU = Release|Any CPU
	EndGlobalSection
	GlobalSection(ProjectConfigurationPlatforms) = postSolution
		{6ECE15F7-30B8-456A-9B78-7F8004F411C5}.Debug|Any CPU.ActiveCfg = Debug|Any CPU
		{6ECE15F7-30B8-456A-9B78-7F8004F411C5}.Debug|Any CPU.Build.0 = Debug|Any CPU
		{6ECE15F7-30B8-456A-9B78-7F8004F411C5}.Debug|Any CPU.Deploy.0 = Debug|Any CPU
		{6ECE15F7-30B8-456A-9B78-7F8004F411C5}.Release|Any CPU.ActiveCfg = Release|Any CPU
		{6ECE15F7-30B8-456A-9B78-7F8004F411C5}.Release|Any CPU.Build.0 = Release|Any CPU
		{6ECE15F7-30B8-456A-9B78-7F8004F411C5}.Release|Any CPU.Deploy.0 = Release|Any CPU
		{52DDC549-FC2D-4937-B303-01F41CED1F13}.Debug|Any CPU.ActiveCfg = Debug|Any CPU
		{52DDC549-FC2D-4937-B303-01F41CED1F13}.Debug|Any CPU.Build.0 = Debug|Any CPU
		{52DDC549-FC2D-4937-B303-01F41CED1F13}.Release|Any CPU.ActiveCfg = Release|Any CPU
		{52DDC549-FC2D-4937-B303-01F41CED1F13}.Release|Any CPU.Build.0 = Release|Any CPU
	EndGlobalSection
	GlobalSection(SolutionProperties) = preSolution
		HideSolutionNode = FALSE
	EndGlobalSection
	GlobalSection(ExtensibilityGlobals) = postSolution
		SolutionGuid = {3DD01A1E-49D0-4B3E-AA5A-BDABB4443DAF}
	EndGlobalSection
EndGlobal
